// !$*UTF8*$!
{
	archiveVersion = 1;
	classes = {
	};
	objectVersion = 56;
	objects = {

/* Begin PBXBuildFile section */
		2EA1457E2A9288F1004D8AE4 /* how_to_cookApp.swift in Sources */ = {isa = PBXBuildFile; fileRef = 2EA1457D2A9288F1004D8AE4 /* how_to_cookApp.swift */; };
		2EA145802A9288F1004D8AE4 /* ContentView.swift in Sources */ = {isa = PBXBuildFile; fileRef = 2EA1457F2A9288F1004D8AE4 /* ContentView.swift */; };
		2EA145822A9288F2004D8AE4 /* Assets.xcassets in Resources */ = {isa = PBXBuildFile; fileRef = 2EA145812A9288F2004D8AE4 /* Assets.xcassets */; };
		2EA145862A9288F2004D8AE4 /* Preview Assets.xcassets in Resources */ = {isa = PBXBuildFile; fileRef = 2EA145852A9288F2004D8AE4 /* Preview Assets.xcassets */; };
		2EF691B52A9D805D00CE925D /* TitleText.swift in Sources */ = {isa = PBXBuildFile; fileRef = 2EF691B42A9D805D00CE925D /* TitleText.swift */; };
		2EF691B82A9D807800CE925D /* RecipeListView.swift in Sources */ = {isa = PBXBuildFile; fileRef = 2EF691B72A9D807800CE925D /* RecipeListView.swift */; };
		2EF691BA2A9D808400CE925D /* RecipeDetailView.swift in Sources */ = {isa = PBXBuildFile; fileRef = 2EF691B92A9D808400CE925D /* RecipeDetailView.swift */; };
		2EF691BD2A9D80AD00CE925D /* View+TitleStyle.swift in Sources */ = {isa = PBXBuildFile; fileRef = 2EF691BC2A9D80AD00CE925D /* View+TitleStyle.swift */; };
		2EF691C32A9D967800CE925D /* how-to-cook.xcdatamodeld in Sources */ = {isa = PBXBuildFile; fileRef = 2EF691C12A9D967800CE925D /* how-to-cook.xcdatamodeld */; };
		2EF691C52A9DB26A00CE925D /* PersistenceController.swift in Sources */ = {isa = PBXBuildFile; fileRef = 2EF691C42A9DB26A00CE925D /* PersistenceController.swift */; };
/* End PBXBuildFile section */

/* Begin PBXFileReference section */
		2EA1457A2A9288F1004D8AE4 /* how-to-cook.app */ = {isa = PBXFileReference; explicitFileType = wrapper.application; includeInIndex = 0; path = "how-to-cook.app"; sourceTree = BUILT_PRODUCTS_DIR; };
		2EA1457D2A9288F1004D8AE4 /* how_to_cookApp.swift */ = {isa = PBXFileReference; lastKnownFileType = sourcecode.swift; path = how_to_cookApp.swift; sourceTree = "<group>"; };
		2EA1457F2A9288F1004D8AE4 /* ContentView.swift */ = {isa = PBXFileReference; lastKnownFileType = sourcecode.swift; path = ContentView.swift; sourceTree = "<group>"; };
		2EA145812A9288F2004D8AE4 /* Assets.xcassets */ = {isa = PBXFileReference; lastKnownFileType = folder.assetcatalog; path = Assets.xcassets; sourceTree = "<group>"; };
		2EA145832A9288F2004D8AE4 /* how_to_cook.entitlements */ = {isa = PBXFileReference; lastKnownFileType = text.plist.entitlements; path = how_to_cook.entitlements; sourceTree = "<group>"; };
		2EA145852A9288F2004D8AE4 /* Preview Assets.xcassets */ = {isa = PBXFileReference; lastKnownFileType = folder.assetcatalog; path = "Preview Assets.xcassets"; sourceTree = "<group>"; };
		2EF691B42A9D805D00CE925D /* TitleText.swift */ = {isa = PBXFileReference; lastKnownFileType = sourcecode.swift; path = TitleText.swift; sourceTree = "<group>"; };
		2EF691B72A9D807800CE925D /* RecipeListView.swift */ = {isa = PBXFileReference; lastKnownFileType = sourcecode.swift; path = RecipeListView.swift; sourceTree = "<group>"; };
		2EF691B92A9D808400CE925D /* RecipeDetailView.swift */ = {isa = PBXFileReference; lastKnownFileType = sourcecode.swift; path = RecipeDetailView.swift; sourceTree = "<group>"; };
		2EF691BC2A9D80AD00CE925D /* View+TitleStyle.swift */ = {isa = PBXFileReference; lastKnownFileType = sourcecode.swift; path = "View+TitleStyle.swift"; sourceTree = "<group>"; };
		2EF691C22A9D967800CE925D /* how-to-cook.xcdatamodel */ = {isa = PBXFileReference; lastKnownFileType = wrapper.xcdatamodel; path = "how-to-cook.xcdatamodel"; sourceTree = "<group>"; };
		2EF691C42A9DB26A00CE925D /* PersistenceController.swift */ = {isa = PBXFileReference; lastKnownFileType = sourcecode.swift; path = PersistenceController.swift; sourceTree = "<group>"; };
/* End PBXFileReference section */

/* Begin PBXFrameworksBuildPhase section */
		2EA145772A9288F1004D8AE4 /* Frameworks */ = {
			isa = PBXFrameworksBuildPhase;
			buildActionMask = 2147483647;
			files = (
			);
			runOnlyForDeploymentPostprocessing = 0;
		};
/* End PBXFrameworksBuildPhase section */

/* Begin PBXGroup section */
		2EA145712A9288F1004D8AE4 = {
			isa = PBXGroup;
			children = (
				2EA1457C2A9288F1004D8AE4 /* how-to-cook */,
				2EA1457B2A9288F1004D8AE4 /* Products */,
			);
			sourceTree = "<group>";
		};
		2EA1457B2A9288F1004D8AE4 /* Products */ = {
			isa = PBXGroup;
			children = (
				2EA1457A2A9288F1004D8AE4 /* how-to-cook.app */,
			);
			name = Products;
			sourceTree = "<group>";
		};
		2EA1457C2A9288F1004D8AE4 /* how-to-cook */ = {
			isa = PBXGroup;
			children = (
				2EA1457D2A9288F1004D8AE4 /* how_to_cookApp.swift */,
				2EF691C42A9DB26A00CE925D /* PersistenceController.swift */,
				2EF691BE2A9D80B700CE925D /* Data */,
				2EF691BB2A9D809D00CE925D /* Extensions */,
				2EF691B62A9D806700CE925D /* Views */,
				2EF691B32A9D801E00CE925D /* VIewModifiers */,
				2EF691B02A9D7FB800CE925D /* Model */,
				2EA1457F2A9288F1004D8AE4 /* ContentView.swift */,
				2EA145812A9288F2004D8AE4 /* Assets.xcassets */,
				2EA145832A9288F2004D8AE4 /* how_to_cook.entitlements */,
				2EA145842A9288F2004D8AE4 /* Preview Content */,
			);
			path = "how-to-cook";
			sourceTree = "<group>";
		};
		2EA145842A9288F2004D8AE4 /* Preview Content */ = {
			isa = PBXGroup;
			children = (
				2EA145852A9288F2004D8AE4 /* Preview Assets.xcassets */,
			);
			path = "Preview Content";
			sourceTree = "<group>";
		};
		2EF691B02A9D7FB800CE925D /* Model */ = {
			isa = PBXGroup;
			children = (
			);
			path = Model;
			sourceTree = "<group>";
		};
		2EF691B32A9D801E00CE925D /* VIewModifiers */ = {
			isa = PBXGroup;
			children = (
				2EF691B42A9D805D00CE925D /* TitleText.swift */,
			);
			path = VIewModifiers;
			sourceTree = "<group>";
		};
		2EF691B62A9D806700CE925D /* Views */ = {
			isa = PBXGroup;
			children = (
				2EF691B72A9D807800CE925D /* RecipeListView.swift */,
				2EF691B92A9D808400CE925D /* RecipeDetailView.swift */,
			);
			path = Views;
			sourceTree = "<group>";
		};
		2EF691BB2A9D809D00CE925D /* Extensions */ = {
			isa = PBXGroup;
			children = (
				2EF691BC2A9D80AD00CE925D /* View+TitleStyle.swift */,
			);
			path = Extensions;
			sourceTree = "<group>";
		};
		2EF691BE2A9D80B700CE925D /* Data */ = {
			isa = PBXGroup;
			children = (
				2EF691C12A9D967800CE925D /* how-to-cook.xcdatamodeld */,
			);
			path = Data;
			sourceTree = "<group>";
		};
/* End PBXGroup section */

/* Begin PBXNativeTarget section */
		2EA145792A9288F1004D8AE4 /* how-to-cook */ = {
			isa = PBXNativeTarget;
			buildConfigurationList = 2EA145892A9288F2004D8AE4 /* Build configuration list for PBXNativeTarget "how-to-cook" */;
			buildPhases = (
				2EA145762A9288F1004D8AE4 /* Sources */,
				2EA145772A9288F1004D8AE4 /* Frameworks */,
				2EA145782A9288F1004D8AE4 /* Resources */,
			);
			buildRules = (
			);
			dependencies = (
			);
			name = "how-to-cook";
			productName = "how-to-cook";
			productReference = 2EA1457A2A9288F1004D8AE4 /* how-to-cook.app */;
			productType = "com.apple.product-type.application";
		};
/* End PBXNativeTarget section */

/* Begin PBXProject section */
		2EA145722A9288F1004D8AE4 /* Project object */ = {
			isa = PBXProject;
			attributes = {
				BuildIndependentTargetsInParallel = 1;
				LastSwiftUpdateCheck = 1430;
				LastUpgradeCheck = 1430;
				TargetAttributes = {
					2EA145792A9288F1004D8AE4 = {
						CreatedOnToolsVersion = 14.3.1;
					};
				};
			};
			buildConfigurationList = 2EA145752A9288F1004D8AE4 /* Build configuration list for PBXProject "how-to-cook" */;
			compatibilityVersion = "Xcode 14.0";
			developmentRegion = en;
			hasScannedForEncodings = 0;
			knownRegions = (
				en,
				Base,
			);
			mainGroup = 2EA145712A9288F1004D8AE4;
			productRefGroup = 2EA1457B2A9288F1004D8AE4 /* Products */;
			projectDirPath = "";
			projectRoot = "";
			targets = (
				2EA145792A9288F1004D8AE4 /* how-to-cook */,
			);
		};
/* End PBXProject section */

/* Begin PBXResourcesBuildPhase section */
		2EA145782A9288F1004D8AE4 /* Resources */ = {
			isa = PBXResourcesBuildPhase;
			buildActionMask = 2147483647;
			files = (
				2EA145862A9288F2004D8AE4 /* Preview Assets.xcassets in Resources */,
				2EA145822A9288F2004D8AE4 /* Assets.xcassets in Resources */,
			);
			runOnlyForDeploymentPostprocessing = 0;
		};
/* End PBXResourcesBuildPhase section */

/* Begin PBXSourcesBuildPhase section */
		2EA145762A9288F1004D8AE4 /* Sources */ = {
			isa = PBXSourcesBuildPhase;
			buildActionMask = 2147483647;
			files = (
				2EF691BD2A9D80AD00CE925D /* View+TitleStyle.swift in Sources */,
				2EF691BA2A9D808400CE925D /* RecipeDetailView.swift in Sources */,
				2EF691C32A9D967800CE925D /* how-to-cook.xcdatamodeld in Sources */,
				2EF691B52A9D805D00CE925D /* TitleText.swift in Sources */,
				2EF691B82A9D807800CE925D /* RecipeListView.swift in Sources */,
				2EA145802A9288F1004D8AE4 /* ContentView.swift in Sources */,
				2EA1457E2A9288F1004D8AE4 /* how_to_cookApp.swift in Sources */,
				2EF691C52A9DB26A00CE925D /* PersistenceController.swift in Sources */,
			);
			runOnlyForDeploymentPostprocessing = 0;
		};
/* End PBXSourcesBuildPhase section */

/* Begin XCBuildConfiguration section */
		2EA145872A9288F2004D8AE4 /* Debug */ = {
			isa = XCBuildConfiguration;
			buildSettings = {
				ALWAYS_SEARCH_USER_PATHS = NO;
				CLANG_ANALYZER_NONNULL = YES;
				CLANG_ANALYZER_NUMBER_OBJECT_CONVERSION = YES_AGGRESSIVE;
				CLANG_CXX_LANGUAGE_STANDARD = "gnu++20";
				CLANG_ENABLE_MODULES = YES;
				CLANG_ENABLE_OBJC_ARC = YES;
				CLANG_ENABLE_OBJC_WEAK = YES;
				CLANG_WARN_BLOCK_CAPTURE_AUTORELEASING = YES;
				CLANG_WARN_BOOL_CONVERSION = YES;
				CLANG_WARN_COMMA = YES;
				CLANG_WARN_CONSTANT_CONVERSION = YES;
				CLANG_WARN_DEPRECATED_OBJC_IMPLEMENTATIONS = YES;
				CLANG_WARN_DIRECT_OBJC_ISA_USAGE = YES_ERROR;
				CLANG_WARN_DOCUMENTATION_COMMENTS = YES;
				CLANG_WARN_EMPTY_BODY = YES;
				CLANG_WARN_ENUM_CONVERSION = YES;
				CLANG_WARN_INFINITE_RECURSION = YES;
				CLANG_WARN_INT_CONVERSION = YES;
				CLANG_WARN_NON_LITERAL_NULL_CONVERSION = YES;
				CLANG_WARN_OBJC_IMPLICIT_RETAIN_SELF = YES;
				CLANG_WARN_OBJC_LITERAL_CONVERSION = YES;
				CLANG_WARN_OBJC_ROOT_CLASS = YES_ERROR;
				CLANG_WARN_QUOTED_INCLUDE_IN_FRAMEWORK_HEADER = YES;
				CLANG_WARN_RANGE_LOOP_ANALYSIS = YES;
				CLANG_WARN_STRICT_PROTOTYPES = YES;
				CLANG_WARN_SUSPICIOUS_MOVE = YES;
				CLANG_WARN_UNGUARDED_AVAILABILITY = YES_AGGRESSIVE;
				CLANG_WARN_UNREACHABLE_CODE = YES;
				CLANG_WARN__DUPLICATE_METHOD_MATCH = YES;
				COPY_PHASE_STRIP = NO;
				DEBUG_INFORMATION_FORMAT = dwarf;
				ENABLE_STRICT_OBJC_MSGSEND = YES;
				ENABLE_TESTABILITY = YES;
				GCC_C_LANGUAGE_STANDARD = gnu11;
				GCC_DYNAMIC_NO_PIC = NO;
				GCC_NO_COMMON_BLOCKS = YES;
				GCC_OPTIMIZATION_LEVEL = 0;
				GCC_PREPROCESSOR_DEFINITIONS = (
					"DEBUG=1",
					"$(inherited)",
				);
				GCC_WARN_64_TO_32_BIT_CONVERSION = YES;
				GCC_WARN_ABOUT_RETURN_TYPE = YES_ERROR;
				GCC_WARN_UNDECLARED_SELECTOR = YES;
				GCC_WARN_UNINITIALIZED_AUTOS = YES_AGGRESSIVE;
				GCC_WARN_UNUSED_FUNCTION = YES;
				GCC_WARN_UNUSED_VARIABLE = YES;
				MTL_ENABLE_DEBUG_INFO = INCLUDE_SOURCE;
				MTL_FAST_MATH = YES;
				ONLY_ACTIVE_ARCH = YES;
				SWIFT_ACTIVE_COMPILATION_CONDITIONS = DEBUG;
				SWIFT_OPTIMIZATION_LEVEL = "-Onone";
			};
			name = Debug;
		};
		2EA145882A9288F2004D8AE4 /* Release */ = {
			isa = XCBuildConfiguration;
			buildSettings = {
				ALWAYS_SEARCH_USER_PATHS = NO;
				CLANG_ANALYZER_NONNULL = YES;
				CLANG_ANALYZER_NUMBER_OBJECT_CONVERSION = YES_AGGRESSIVE;
				CLANG_CXX_LANGUAGE_STANDARD = "gnu++20";
				CLANG_ENABLE_MODULES = YES;
				CLANG_ENABLE_OBJC_ARC = YES;
				CLANG_ENABLE_OBJC_WEAK = YES;
				CLANG_WARN_BLOCK_CAPTURE_AUTORELEASING = YES;
				CLANG_WARN_BOOL_CONVERSION = YES;
				CLANG_WARN_COMMA = YES;
				CLANG_WARN_CONSTANT_CONVERSION = YES;
				CLANG_WARN_DEPRECATED_OBJC_IMPLEMENTATIONS = YES;
				CLANG_WARN_DIRECT_OBJC_ISA_USAGE = YES_ERROR;
				CLANG_WARN_DOCUMENTATION_COMMENTS = YES;
				CLANG_WARN_EMPTY_BODY = YES;
				CLANG_WARN_ENUM_CONVERSION = YES;
				CLANG_WARN_INFINITE_RECURSION = YES;
				CLANG_WARN_INT_CONVERSION = YES;
				CLANG_WARN_NON_LITERAL_NULL_CONVERSION = YES;
				CLANG_WARN_OBJC_IMPLICIT_RETAIN_SELF = YES;
				CLANG_WARN_OBJC_LITERAL_CONVERSION = YES;
				CLANG_WARN_OBJC_ROOT_CLASS = YES_ERROR;
				CLANG_WARN_QUOTED_INCLUDE_IN_FRAMEWORK_HEADER = YES;
				CLANG_WARN_RANGE_LOOP_ANALYSIS = YES;
				CLANG_WARN_STRICT_PROTOTYPES = YES;
				CLANG_WARN_SUSPICIOUS_MOVE = YES;
				CLANG_WARN_UNGUARDED_AVAILABILITY = YES_AGGRESSIVE;
				CLANG_WARN_UNREACHABLE_CODE = YES;
				CLANG_WARN__DUPLICATE_METHOD_MATCH = YES;
				COPY_PHASE_STRIP = NO;
				DEBUG_INFORMATION_FORMAT = "dwarf-with-dsym";
				ENABLE_NS_ASSERTIONS = NO;
				ENABLE_STRICT_OBJC_MSGSEND = YES;
				GCC_C_LANGUAGE_STANDARD = gnu11;
				GCC_NO_COMMON_BLOCKS = YES;
				GCC_WARN_64_TO_32_BIT_CONVERSION = YES;
				GCC_WARN_ABOUT_RETURN_TYPE = YES_ERROR;
				GCC_WARN_UNDECLARED_SELECTOR = YES;
				GCC_WARN_UNINITIALIZED_AUTOS = YES_AGGRESSIVE;
				GCC_WARN_UNUSED_FUNCTION = YES;
				GCC_WARN_UNUSED_VARIABLE = YES;
				MTL_ENABLE_DEBUG_INFO = NO;
				MTL_FAST_MATH = YES;
				SWIFT_COMPILATION_MODE = wholemodule;
				SWIFT_OPTIMIZATION_LEVEL = "-O";
			};
			name = Release;
		};
		2EA1458A2A9288F2004D8AE4 /* Debug */ = {
			isa = XCBuildConfiguration;
			buildSettings = {
				ASSETCATALOG_COMPILER_APPICON_NAME = AppIcon;
				ASSETCATALOG_COMPILER_GLOBAL_ACCENT_COLOR_NAME = AccentColor;
				CODE_SIGN_ENTITLEMENTS = "how-to-cook/how_to_cook.entitlements";
				CODE_SIGN_STYLE = Automatic;
				CURRENT_PROJECT_VERSION = 1;
				DEVELOPMENT_ASSET_PATHS = "\"how-to-cook/Preview Content\"";
				DEVELOPMENT_TEAM = J55D37U77F;
				ENABLE_HARDENED_RUNTIME = YES;
				ENABLE_PREVIEWS = YES;
				GENERATE_INFOPLIST_FILE = YES;
				"INFOPLIST_KEY_UIApplicationSceneManifest_Generation[sdk=iphoneos*]" = YES;
				"INFOPLIST_KEY_UIApplicationSceneManifest_Generation[sdk=iphonesimulator*]" = YES;
				"INFOPLIST_KEY_UIApplicationSupportsIndirectInputEvents[sdk=iphoneos*]" = YES;
				"INFOPLIST_KEY_UIApplicationSupportsIndirectInputEvents[sdk=iphonesimulator*]" = YES;
				"INFOPLIST_KEY_UILaunchScreen_Generation[sdk=iphoneos*]" = YES;
				"INFOPLIST_KEY_UILaunchScreen_Generation[sdk=iphonesimulator*]" = YES;
				"INFOPLIST_KEY_UIStatusBarStyle[sdk=iphoneos*]" = UIStatusBarStyleDefault;
				"INFOPLIST_KEY_UIStatusBarStyle[sdk=iphonesimulator*]" = UIStatusBarStyleDefault;
				INFOPLIST_KEY_UISupportedInterfaceOrientations_iPad = "UIInterfaceOrientationPortrait UIInterfaceOrientationPortraitUpsideDown UIInterfaceOrientationLandscapeLeft UIInterfaceOrientationLandscapeRight";
				INFOPLIST_KEY_UISupportedInterfaceOrientations_iPhone = "UIInterfaceOrientationPortrait UIInterfaceOrientationLandscapeLeft UIInterfaceOrientationLandscapeRight";
				IPHONEOS_DEPLOYMENT_TARGET = 16.4;
				LD_RUNPATH_SEARCH_PATHS = "@executable_path/Frameworks";
				"LD_RUNPATH_SEARCH_PATHS[sdk=macosx*]" = "@executable_path/../Frameworks";
				MACOSX_DEPLOYMENT_TARGET = 13.3;
				MARKETING_VERSION = 1.0;
				PRODUCT_BUNDLE_IDENTIFIER = "com.lovehxy.how-to-cook";
				PRODUCT_NAME = "$(TARGET_NAME)";
				SDKROOT = auto;
				SUPPORTED_PLATFORMS = "iphoneos iphonesimulator macosx";
				SWIFT_EMIT_LOC_STRINGS = YES;
				SWIFT_VERSION = 5.0;
				TARGETED_DEVICE_FAMILY = "1,2";
			};
			name = Debug;
		};
		2EA1458B2A9288F2004D8AE4 /* Release */ = {
			isa = XCBuildConfiguration;
			buildSettings = {
				ASSETCATALOG_COMPILER_APPICON_NAME = AppIcon;
				ASSETCATALOG_COMPILER_GLOBAL_ACCENT_COLOR_NAME = AccentColor;
				CODE_SIGN_ENTITLEMENTS = "how-to-cook/how_to_cook.entitlements";
				CODE_SIGN_STYLE = Automatic;
				CURRENT_PROJECT_VERSION = 1;
				DEVELOPMENT_ASSET_PATHS = "\"how-to-cook/Preview Content\"";
				DEVELOPMENT_TEAM = J55D37U77F;
				ENABLE_HARDENED_RUNTIME = YES;
				ENABLE_PREVIEWS = YES;
				GENERATE_INFOPLIST_FILE = YES;
				"INFOPLIST_KEY_UIApplicationSceneManifest_Generation[sdk=iphoneos*]" = YES;
				"INFOPLIST_KEY_UIApplicationSceneManifest_Generation[sdk=iphonesimulator*]" = YES;
				"INFOPLIST_KEY_UIApplicationSupportsIndirectInputEvents[sdk=iphoneos*]" = YES;
				"INFOPLIST_KEY_UIApplicationSupportsIndirectInputEvents[sdk=iphonesimulator*]" = YES;
				"INFOPLIST_KEY_UILaunchScreen_Generation[sdk=iphoneos*]" = YES;
				"INFOPLIST_KEY_UILaunchScreen_Generation[sdk=iphonesimulator*]" = YES;
				"INFOPLIST_KEY_UIStatusBarStyle[sdk=iphoneos*]" = UIStatusBarStyleDefault;
				"INFOPLIST_KEY_UIStatusBarStyle[sdk=iphonesimulator*]" = UIStatusBarStyleDefault;
				INFOPLIST_KEY_UISupportedInterfaceOrientations_iPad = "UIInterfaceOrientationPortrait UIInterfaceOrientationPortraitUpsideDown UIInterfaceOrientationLandscapeLeft UIInterfaceOrientationLandscapeRight";
				INFOPLIST_KEY_UISupportedInterfaceOrientations_iPhone = "UIInterfaceOrientationPortrait UIInterfaceOrientationLandscapeLeft UIInterfaceOrientationLandscapeRight";
				IPHONEOS_DEPLOYMENT_TARGET = 16.4;
				LD_RUNPATH_SEARCH_PATHS = "@executable_path/Frameworks";
				"LD_RUNPATH_SEARCH_PATHS[sdk=macosx*]" = "@executable_path/../Frameworks";
				MACOSX_DEPLOYMENT_TARGET = 13.3;
				MARKETING_VERSION = 1.0;
				PRODUCT_BUNDLE_IDENTIFIER = "com.lovehxy.how-to-cook";
				PRODUCT_NAME = "$(TARGET_NAME)";
				SDKROOT = auto;
				SUPPORTED_PLATFORMS = "iphoneos iphonesimulator macosx";
				SWIFT_EMIT_LOC_STRINGS = YES;
				SWIFT_VERSION = 5.0;
				TARGETED_DEVICE_FAMILY = "1,2";
			};
			name = Release;
		};
/* End XCBuildConfiguration section */

/* Begin XCConfigurationList section */
		2EA145752A9288F1004D8AE4 /* Build configuration list for PBXProject "how-to-cook" */ = {
			isa = XCConfigurationList;
			buildConfigurations = (
				2EA145872A9288F2004D8AE4 /* Debug */,
				2EA145882A9288F2004D8AE4 /* Release */,
			);
			defaultConfigurationIsVisible = 0;
			defaultConfigurationName = Release;
		};
		2EA145892A9288F2004D8AE4 /* Build configuration list for PBXNativeTarget "how-to-cook" */ = {
			isa = XCConfigurationList;
			buildConfigurations = (
				2EA1458A2A9288F2004D8AE4 /* Debug */,
				2EA1458B2A9288F2004D8AE4 /* Release */,
			);
			defaultConfigurationIsVisible = 0;
			defaultConfigurationName = Release;
		};
/* End XCConfigurationList section */

/* Begin XCVersionGroup section */
		2EF691C12A9D967800CE925D /* how-to-cook.xcdatamodeld */ = {
			isa = XCVersionGroup;
			children = (
				2EF691C22A9D967800CE925D /* how-to-cook.xcdatamodel */,
			);
			currentVersion = 2EF691C22A9D967800CE925D /* how-to-cook.xcdatamodel */;
			path = "how-to-cook.xcdatamodeld";
			sourceTree = "<group>";
			versionGroupType = wrapper.xcdatamodel;
		};
/* End XCVersionGroup section */
	};
	rootObject = 2EA145722A9288F1004D8AE4 /* Project object */;
}
